
Microsoft Visual Studio Solution File, Format Version 12.00
# Visual Studio 15
VisualStudioVersion = 15.0.27924.0
MinimumVisualStudioVersion = 10.0.40219.1
Project("{FAE04EC0-301F-11D3-BF4B-00C04F79EFBC}") = "Concessionaire.Android", "Concessionaire\Concessionaire.Android\Concessionaire.Android.csproj", "{697AF724-D88C-44BB-BD38-8C08A8631FB0}"
EndProject
Project("{FAE04EC0-301F-11D3-BF4B-00C04F79EFBC}") = "Concessionaire.iOS", "Concessionaire\Concessionaire.iOS\Concessionaire.iOS.csproj", "{A5CE6885-8407-4901-8149-B621245212C0}"
EndProject
Project("{FAE04EC0-301F-11D3-BF4B-00C04F79EFBC}") = "Concessionaire.UWP", "Concessionaire\Concessionaire.UWP\Concessionaire.UWP.csproj", "{A93DC141-C614-43DD-9157-9927E53CAF37}"
EndProject
Project("{FAE04EC0-301F-11D3-BF4B-00C04F79EFBC}") = "Concessionaire", "Concessionaire\Concessionaire\Concessionaire.csproj", "{3F3E5EC9-EC4C-4945-8088-566229DE85D6}"
EndProject
Project("{FAE04EC0-301F-11D3-BF4B-00C04F79EFBC}") = "Concessionaire.Backend", "Concessionaire.Backend\Concessionaire.Backend.csproj", "{5148ECFA-3D0D-4054-9DD9-27994F25E55E}"
EndProject
Project("{FAE04EC0-301F-11D3-BF4B-00C04F79EFBC}") = "Concessionaire.API", "Concessionaire.API\Concessionaire.API.csproj", "{65753039-9E7E-4640-BA69-65AC0625C3FB}"
EndProject
Project("{FAE04EC0-301F-11D3-BF4B-00C04F79EFBC}") = "Concessionaire.Domain", "Concessionaire.Domain\Concessionaire.Domain.csproj", "{53004B48-3786-4EB3-821D-3F24445AE752}"
EndProject
Project("{FAE04EC0-301F-11D3-BF4B-00C04F79EFBC}") = "Concessionaire.Common", "Concessionaire.Common\Concessionaire.Common.csproj", "{DE34F554-E4DC-4422-8366-382D82769F55}"
EndProject
Global
	GlobalSection(SolutionConfigurationPlatforms) = preSolution
		Ad-Hoc|Any CPU = Ad-Hoc|Any CPU
		Ad-Hoc|ARM = Ad-Hoc|ARM
		Ad-Hoc|iPhone = Ad-Hoc|iPhone
		Ad-Hoc|iPhoneSimulator = Ad-Hoc|iPhoneSimulator
		Ad-Hoc|x64 = Ad-Hoc|x64
		Ad-Hoc|x86 = Ad-Hoc|x86
		AppStore|Any CPU = AppStore|Any CPU
		AppStore|ARM = AppStore|ARM
		AppStore|iPhone = AppStore|iPhone
		AppStore|iPhoneSimulator = AppStore|iPhoneSimulator
		AppStore|x64 = AppStore|x64
		AppStore|x86 = AppStore|x86
		Debug|Any CPU = Debug|Any CPU
		Debug|ARM = Debug|ARM
		Debug|iPhone = Debug|iPhone
		Debug|iPhoneSimulator = Debug|iPhoneSimulator
		Debug|x64 = Debug|x64
		Debug|x86 = Debug|x86
		Release|Any CPU = Release|Any CPU
		Release|ARM = Release|ARM
		Release|iPhone = Release|iPhone
		Release|iPhoneSimulator = Release|iPhoneSimulator
		Release|x64 = Release|x64
		Release|x86 = Release|x86
	EndGlobalSection
	GlobalSection(ProjectConfigurationPlatforms) = postSolution
		{697AF724-D88C-44BB-BD38-8C08A8631FB0}.Ad-Hoc|Any CPU.ActiveCfg = Release|Any CPU
		{697AF724-D88C-44BB-BD38-8C08A8631FB0}.Ad-Hoc|Any CPU.Build.0 = Release|Any CPU
		{697AF724-D88C-44BB-BD38-8C08A8631FB0}.Ad-Hoc|Any CPU.Deploy.0 = Release|Any CPU
		{697AF724-D88C-44BB-BD38-8C08A8631FB0}.Ad-Hoc|ARM.ActiveCfg = Release|Any CPU
		{697AF724-D88C-44BB-BD38-8C08A8631FB0}.Ad-Hoc|ARM.Build.0 = Release|Any CPU
		{697AF724-D88C-44BB-BD38-8C08A8631FB0}.Ad-Hoc|ARM.Deploy.0 = Release|Any CPU
		{697AF724-D88C-44BB-BD38-8C08A8631FB0}.Ad-Hoc|iPhone.ActiveCfg = Release|Any CPU
		{697AF724-D88C-44BB-BD38-8C08A8631FB0}.Ad-Hoc|iPhone.Build.0 = Release|Any CPU
		{697AF724-D88C-44BB-BD38-8C08A8631FB0}.Ad-Hoc|iPhone.Deploy.0 = Release|Any CPU
		{697AF724-D88C-44BB-BD38-8C08A8631FB0}.Ad-Hoc|iPhoneSimulator.ActiveCfg = Release|Any CPU
		{697AF724-D88C-44BB-BD38-8C08A8631FB0}.Ad-Hoc|iPhoneSimulator.Build.0 = Release|Any CPU
		{697AF724-D88C-44BB-BD38-8C08A8631FB0}.Ad-Hoc|iPhoneSimulator.Deploy.0 = Release|Any CPU
		{697AF724-D88C-44BB-BD38-8C08A8631FB0}.Ad-Hoc|x64.ActiveCfg = Release|Any CPU
		{697AF724-D88C-44BB-BD38-8C08A8631FB0}.Ad-Hoc|x64.Build.0 = Release|Any CPU
		{697AF724-D88C-44BB-BD38-8C08A8631FB0}.Ad-Hoc|x64.Deploy.0 = Release|Any CPU
		{697AF724-D88C-44BB-BD38-8C08A8631FB0}.Ad-Hoc|x86.ActiveCfg = Release|Any CPU
		{697AF724-D88C-44BB-BD38-8C08A8631FB0}.Ad-Hoc|x86.Build.0 = Release|Any CPU
		{697AF724-D88C-44BB-BD38-8C08A8631FB0}.Ad-Hoc|x86.Deploy.0 = Release|Any CPU
		{697AF724-D88C-44BB-BD38-8C08A8631FB0}.AppStore|Any CPU.ActiveCfg = Release|Any CPU
		{697AF724-D88C-44BB-BD38-8C08A8631FB0}.AppStore|Any CPU.Build.0 = Release|Any CPU
		{697AF724-D88C-44BB-BD38-8C08A8631FB0}.AppStore|Any CPU.Deploy.0 = Release|Any CPU
		{697AF724-D88C-44BB-BD38-8C08A8631FB0}.AppStore|ARM.ActiveCfg = Release|Any CPU
		{697AF724-D88C-44BB-BD38-8C08A8631FB0}.AppStore|ARM.Build.0 = Release|Any CPU
		{697AF724-D88C-44BB-BD38-8C08A8631FB0}.AppStore|ARM.Deploy.0 = Release|Any CPU
		{697AF724-D88C-44BB-BD38-8C08A8631FB0}.AppStore|iPhone.ActiveCfg = Release|Any CPU
		{697AF724-D88C-44BB-BD38-8C08A8631FB0}.AppStore|iPhone.Build.0 = Release|Any CPU
		{697AF724-D88C-44BB-BD38-8C08A8631FB0}.AppStore|iPhone.Deploy.0 = Release|Any CPU
		{697AF724-D88C-44BB-BD38-8C08A8631FB0}.AppStore|iPhoneSimulator.ActiveCfg = Release|Any CPU
		{697AF724-D88C-44BB-BD38-8C08A8631FB0}.AppStore|iPhoneSimulator.Build.0 = Release|Any CPU
		{697AF724-D88C-44BB-BD38-8C08A8631FB0}.AppStore|iPhoneSimulator.Deploy.0 = Release|Any CPU
		{697AF724-D88C-44BB-BD38-8C08A8631FB0}.AppStore|x64.ActiveCfg = Release|Any CPU
		{697AF724-D88C-44BB-BD38-8C08A8631FB0}.AppStore|x64.Build.0 = Release|Any CPU
		{697AF724-D88C-44BB-BD38-8C08A8631FB0}.AppStore|x64.Deploy.0 = Release|Any CPU
		{697AF724-D88C-44BB-BD38-8C08A8631FB0}.AppStore|x86.ActiveCfg = Release|Any CPU
		{697AF724-D88C-44BB-BD38-8C08A8631FB0}.AppStore|x86.Build.0 = Release|Any CPU
		{697AF724-D88C-44BB-BD38-8C08A8631FB0}.AppStore|x86.Deploy.0 = Release|Any CPU
		{697AF724-D88C-44BB-BD38-8C08A8631FB0}.Debug|Any CPU.ActiveCfg = Debug|Any CPU
		{697AF724-D88C-44BB-BD38-8C08A8631FB0}.Debug|Any CPU.Build.0 = Debug|Any CPU
		{697AF724-D88C-44BB-BD38-8C08A8631FB0}.Debug|Any CPU.Deploy.0 = Debug|Any CPU
		{697AF724-D88C-44BB-BD38-8C08A8631FB0}.Debug|ARM.ActiveCfg = Debug|Any CPU
		{697AF724-D88C-44BB-BD38-8C08A8631FB0}.Debug|ARM.Build.0 = Debug|Any CPU
		{697AF724-D88C-44BB-BD38-8C08A8631FB0}.Debug|ARM.Deploy.0 = Debug|Any CPU
		{697AF724-D88C-44BB-BD38-8C08A8631FB0}.Debug|iPhone.ActiveCfg = Debug|Any CPU
		{697AF724-D88C-44BB-BD38-8C08A8631FB0}.Debug|iPhone.Build.0 = Debug|Any CPU
		{697AF724-D88C-44BB-BD38-8C08A8631FB0}.Debug|iPhone.Deploy.0 = Debug|Any CPU
		{697AF724-D88C-44BB-BD38-8C08A8631FB0}.Debug|iPhoneSimulator.ActiveCfg = Debug|Any CPU
		{697AF724-D88C-44BB-BD38-8C08A8631FB0}.Debug|iPhoneSimulator.Build.0 = Debug|Any CPU
		{697AF724-D88C-44BB-BD38-8C08A8631FB0}.Debug|iPhoneSimulator.Deploy.0 = Debug|Any CPU
		{697AF724-D88C-44BB-BD38-8C08A8631FB0}.Debug|x64.ActiveCfg = Debug|Any CPU
		{697AF724-D88C-44BB-BD38-8C08A8631FB0}.Debug|x64.Build.0 = Debug|Any CPU
		{697AF724-D88C-44BB-BD38-8C08A8631FB0}.Debug|x64.Deploy.0 = Debug|Any CPU
		{697AF724-D88C-44BB-BD38-8C08A8631FB0}.Debug|x86.ActiveCfg = Debug|Any CPU
		{697AF724-D88C-44BB-BD38-8C08A8631FB0}.Debug|x86.Build.0 = Debug|Any CPU
		{697AF724-D88C-44BB-BD38-8C08A8631FB0}.Debug|x86.Deploy.0 = Debug|Any CPU
		{697AF724-D88C-44BB-BD38-8C08A8631FB0}.Release|Any CPU.ActiveCfg = Release|Any CPU
		{697AF724-D88C-44BB-BD38-8C08A8631FB0}.Release|Any CPU.Build.0 = Release|Any CPU
		{697AF724-D88C-44BB-BD38-8C08A8631FB0}.Release|Any CPU.Deploy.0 = Release|Any CPU
		{697AF724-D88C-44BB-BD38-8C08A8631FB0}.Release|ARM.ActiveCfg = Release|Any CPU
		{697AF724-D88C-44BB-BD38-8C08A8631FB0}.Release|ARM.Build.0 = Release|Any CPU
		{697AF724-D88C-44BB-BD38-8C08A8631FB0}.Release|ARM.Deploy.0 = Release|Any CPU
		{697AF724-D88C-44BB-BD38-8C08A8631FB0}.Release|iPhone.ActiveCfg = Release|Any CPU
		{697AF724-D88C-44BB-BD38-8C08A8631FB0}.Release|iPhone.Build.0 = Release|Any CPU
		{697AF724-D88C-44BB-BD38-8C08A8631FB0}.Release|iPhone.Deploy.0 = Release|Any CPU
		{697AF724-D88C-44BB-BD38-8C08A8631FB0}.Release|iPhoneSimulator.ActiveCfg = Release|Any CPU
		{697AF724-D88C-44BB-BD38-8C08A8631FB0}.Release|iPhoneSimulator.Build.0 = Release|Any CPU
		{697AF724-D88C-44BB-BD38-8C08A8631FB0}.Release|iPhoneSimulator.Deploy.0 = Release|Any CPU
		{697AF724-D88C-44BB-BD38-8C08A8631FB0}.Release|x64.ActiveCfg = Release|Any CPU
		{697AF724-D88C-44BB-BD38-8C08A8631FB0}.Release|x64.Build.0 = Release|Any CPU
		{697AF724-D88C-44BB-BD38-8C08A8631FB0}.Release|x64.Deploy.0 = Release|Any CPU
		{697AF724-D88C-44BB-BD38-8C08A8631FB0}.Release|x86.ActiveCfg = Release|Any CPU
		{697AF724-D88C-44BB-BD38-8C08A8631FB0}.Release|x86.Build.0 = Release|Any CPU
		{697AF724-D88C-44BB-BD38-8C08A8631FB0}.Release|x86.Deploy.0 = Release|Any CPU
		{A5CE6885-8407-4901-8149-B621245212C0}.Ad-Hoc|Any CPU.ActiveCfg = Ad-Hoc|iPhone
		{A5CE6885-8407-4901-8149-B621245212C0}.Ad-Hoc|Any CPU.Build.0 = Ad-Hoc|iPhone
		{A5CE6885-8407-4901-8149-B621245212C0}.Ad-Hoc|Any CPU.Deploy.0 = Ad-Hoc|iPhone
		{A5CE6885-8407-4901-8149-B621245212C0}.Ad-Hoc|ARM.ActiveCfg = Ad-Hoc|iPhone
		{A5CE6885-8407-4901-8149-B621245212C0}.Ad-Hoc|ARM.Build.0 = Ad-Hoc|iPhone
		{A5CE6885-8407-4901-8149-B621245212C0}.Ad-Hoc|ARM.Deploy.0 = Ad-Hoc|iPhone
		{A5CE6885-8407-4901-8149-B621245212C0}.Ad-Hoc|iPhone.ActiveCfg = Ad-Hoc|iPhone
		{A5CE6885-8407-4901-8149-B621245212C0}.Ad-Hoc|iPhone.Build.0 = Ad-Hoc|iPhone
		{A5CE6885-8407-4901-8149-B621245212C0}.Ad-Hoc|iPhone.Deploy.0 = Ad-Hoc|iPhone
		{A5CE6885-8407-4901-8149-B621245212C0}.Ad-Hoc|iPhoneSimulator.ActiveCfg = Ad-Hoc|iPhoneSimulator
		{A5CE6885-8407-4901-8149-B621245212C0}.Ad-Hoc|iPhoneSimulator.Build.0 = Ad-Hoc|iPhoneSimulator
		{A5CE6885-8407-4901-8149-B621245212C0}.Ad-Hoc|iPhoneSimulator.Deploy.0 = Ad-Hoc|iPhoneSimulator
		{A5CE6885-8407-4901-8149-B621245212C0}.Ad-Hoc|x64.ActiveCfg = Ad-Hoc|iPhone
		{A5CE6885-8407-4901-8149-B621245212C0}.Ad-Hoc|x64.Build.0 = Ad-Hoc|iPhone
		{A5CE6885-8407-4901-8149-B621245212C0}.Ad-Hoc|x64.Deploy.0 = Ad-Hoc|iPhone
		{A5CE6885-8407-4901-8149-B621245212C0}.Ad-Hoc|x86.ActiveCfg = Ad-Hoc|iPhone
		{A5CE6885-8407-4901-8149-B621245212C0}.Ad-Hoc|x86.Build.0 = Ad-Hoc|iPhone
		{A5CE6885-8407-4901-8149-B621245212C0}.Ad-Hoc|x86.Deploy.0 = Ad-Hoc|iPhone
		{A5CE6885-8407-4901-8149-B621245212C0}.AppStore|Any CPU.ActiveCfg = AppStore|iPhone
		{A5CE6885-8407-4901-8149-B621245212C0}.AppStore|Any CPU.Build.0 = AppStore|iPhone
		{A5CE6885-8407-4901-8149-B621245212C0}.AppStore|Any CPU.Deploy.0 = AppStore|iPhone
		{A5CE6885-8407-4901-8149-B621245212C0}.AppStore|ARM.ActiveCfg = AppStore|iPhone
		{A5CE6885-8407-4901-8149-B621245212C0}.AppStore|ARM.Build.0 = AppStore|iPhone
		{A5CE6885-8407-4901-8149-B621245212C0}.AppStore|ARM.Deploy.0 = AppStore|iPhone
		{A5CE6885-8407-4901-8149-B621245212C0}.AppStore|iPhone.ActiveCfg = AppStore|iPhone
		{A5CE6885-8407-4901-8149-B621245212C0}.AppStore|iPhone.Build.0 = AppStore|iPhone
		{A5CE6885-8407-4901-8149-B621245212C0}.AppStore|iPhone.Deploy.0 = AppStore|iPhone
		{A5CE6885-8407-4901-8149-B621245212C0}.AppStore|iPhoneSimulator.ActiveCfg = AppStore|iPhoneSimulator
		{A5CE6885-8407-4901-8149-B621245212C0}.AppStore|iPhoneSimulator.Build.0 = AppStore|iPhoneSimulator
		{A5CE6885-8407-4901-8149-B621245212C0}.AppStore|iPhoneSimulator.Deploy.0 = AppStore|iPhoneSimulator
		{A5CE6885-8407-4901-8149-B621245212C0}.AppStore|x64.ActiveCfg = AppStore|iPhone
		{A5CE6885-8407-4901-8149-B621245212C0}.AppStore|x64.Build.0 = AppStore|iPhone
		{A5CE6885-8407-4901-8149-B621245212C0}.AppStore|x64.Deploy.0 = AppStore|iPhone
		{A5CE6885-8407-4901-8149-B621245212C0}.AppStore|x86.ActiveCfg = AppStore|iPhone
		{A5CE6885-8407-4901-8149-B621245212C0}.AppStore|x86.Build.0 = AppStore|iPhone
		{A5CE6885-8407-4901-8149-B621245212C0}.AppStore|x86.Deploy.0 = AppStore|iPhone
		{A5CE6885-8407-4901-8149-B621245212C0}.Debug|Any CPU.ActiveCfg = Debug|iPhoneSimulator
		{A5CE6885-8407-4901-8149-B621245212C0}.Debug|Any CPU.Build.0 = Debug|iPhoneSimulator
		{A5CE6885-8407-4901-8149-B621245212C0}.Debug|Any CPU.Deploy.0 = Debug|iPhoneSimulator
		{A5CE6885-8407-4901-8149-B621245212C0}.Debug|ARM.ActiveCfg = Debug|iPhone
		{A5CE6885-8407-4901-8149-B621245212C0}.Debug|ARM.Build.0 = Debug|iPhone
		{A5CE6885-8407-4901-8149-B621245212C0}.Debug|ARM.Deploy.0 = Debug|iPhone
		{A5CE6885-8407-4901-8149-B621245212C0}.Debug|iPhone.ActiveCfg = Debug|iPhone
		{A5CE6885-8407-4901-8149-B621245212C0}.Debug|iPhone.Build.0 = Debug|iPhone
		{A5CE6885-8407-4901-8149-B621245212C0}.Debug|iPhone.Deploy.0 = Debug|iPhone
		{A5CE6885-8407-4901-8149-B621245212C0}.Debug|iPhoneSimulator.ActiveCfg = Debug|iPhoneSimulator
		{A5CE6885-8407-4901-8149-B621245212C0}.Debug|iPhoneSimulator.Build.0 = Debug|iPhoneSimulator
		{A5CE6885-8407-4901-8149-B621245212C0}.Debug|iPhoneSimulator.Deploy.0 = Debug|iPhoneSimulator
		{A5CE6885-8407-4901-8149-B621245212C0}.Debug|x64.ActiveCfg = Debug|iPhone
		{A5CE6885-8407-4901-8149-B621245212C0}.Debug|x64.Build.0 = Debug|iPhone
		{A5CE6885-8407-4901-8149-B621245212C0}.Debug|x64.Deploy.0 = Debug|iPhone
		{A5CE6885-8407-4901-8149-B621245212C0}.Debug|x86.ActiveCfg = Debug|iPhone
		{A5CE6885-8407-4901-8149-B621245212C0}.Debug|x86.Build.0 = Debug|iPhone
		{A5CE6885-8407-4901-8149-B621245212C0}.Debug|x86.Deploy.0 = Debug|iPhone
		{A5CE6885-8407-4901-8149-B621245212C0}.Release|Any CPU.ActiveCfg = Release|iPhone
		{A5CE6885-8407-4901-8149-B621245212C0}.Release|Any CPU.Build.0 = Release|iPhone
		{A5CE6885-8407-4901-8149-B621245212C0}.Release|Any CPU.Deploy.0 = Release|iPhone
		{A5CE6885-8407-4901-8149-B621245212C0}.Release|ARM.ActiveCfg = Release|iPhone
		{A5CE6885-8407-4901-8149-B621245212C0}.Release|ARM.Build.0 = Release|iPhone
		{A5CE6885-8407-4901-8149-B621245212C0}.Release|ARM.Deploy.0 = Release|iPhone
		{A5CE6885-8407-4901-8149-B621245212C0}.Release|iPhone.ActiveCfg = Release|iPhone
		{A5CE6885-8407-4901-8149-B621245212C0}.Release|iPhone.Build.0 = Release|iPhone
		{A5CE6885-8407-4901-8149-B621245212C0}.Release|iPhone.Deploy.0 = Release|iPhone
		{A5CE6885-8407-4901-8149-B621245212C0}.Release|iPhoneSimulator.ActiveCfg = Release|iPhoneSimulator
		{A5CE6885-8407-4901-8149-B621245212C0}.Release|iPhoneSimulator.Build.0 = Release|iPhoneSimulator
		{A5CE6885-8407-4901-8149-B621245212C0}.Release|iPhoneSimulator.Deploy.0 = Release|iPhoneSimulator
		{A5CE6885-8407-4901-8149-B621245212C0}.Release|x64.ActiveCfg = Release|iPhone
		{A5CE6885-8407-4901-8149-B621245212C0}.Release|x64.Build.0 = Release|iPhone
		{A5CE6885-8407-4901-8149-B621245212C0}.Release|x64.Deploy.0 = Release|iPhone
		{A5CE6885-8407-4901-8149-B621245212C0}.Release|x86.ActiveCfg = Release|iPhone
		{A5CE6885-8407-4901-8149-B621245212C0}.Release|x86.Build.0 = Release|iPhone
		{A5CE6885-8407-4901-8149-B621245212C0}.Release|x86.Deploy.0 = Release|iPhone
		{A93DC141-C614-43DD-9157-9927E53CAF37}.Ad-Hoc|Any CPU.ActiveCfg = Release|x86
		{A93DC141-C614-43DD-9157-9927E53CAF37}.Ad-Hoc|Any CPU.Build.0 = Release|x86
		{A93DC141-C614-43DD-9157-9927E53CAF37}.Ad-Hoc|Any CPU.Deploy.0 = Release|x86
		{A93DC141-C614-43DD-9157-9927E53CAF37}.Ad-Hoc|ARM.ActiveCfg = Release|ARM
		{A93DC141-C614-43DD-9157-9927E53CAF37}.Ad-Hoc|ARM.Build.0 = Release|ARM
		{A93DC141-C614-43DD-9157-9927E53CAF37}.Ad-Hoc|ARM.Deploy.0 = Release|ARM
		{A93DC141-C614-43DD-9157-9927E53CAF37}.Ad-Hoc|iPhone.ActiveCfg = Release|x86
		{A93DC141-C614-43DD-9157-9927E53CAF37}.Ad-Hoc|iPhone.Build.0 = Release|x86
		{A93DC141-C614-43DD-9157-9927E53CAF37}.Ad-Hoc|iPhone.Deploy.0 = Release|x86
		{A93DC141-C614-43DD-9157-9927E53CAF37}.Ad-Hoc|iPhoneSimulator.ActiveCfg = Release|x86
		{A93DC141-C614-43DD-9157-9927E53CAF37}.Ad-Hoc|iPhoneSimulator.Build.0 = Release|x86
		{A93DC141-C614-43DD-9157-9927E53CAF37}.Ad-Hoc|iPhoneSimulator.Deploy.0 = Release|x86
		{A93DC141-C614-43DD-9157-9927E53CAF37}.Ad-Hoc|x64.ActiveCfg = Release|x64
		{A93DC141-C614-43DD-9157-9927E53CAF37}.Ad-Hoc|x64.Build.0 = Release|x64
		{A93DC141-C614-43DD-9157-9927E53CAF37}.Ad-Hoc|x64.Deploy.0 = Release|x64
		{A93DC141-C614-43DD-9157-9927E53CAF37}.Ad-Hoc|x86.ActiveCfg = Release|x86
		{A93DC141-C614-43DD-9157-9927E53CAF37}.Ad-Hoc|x86.Build.0 = Release|x86
		{A93DC141-C614-43DD-9157-9927E53CAF37}.Ad-Hoc|x86.Deploy.0 = Release|x86
		{A93DC141-C614-43DD-9157-9927E53CAF37}.AppStore|Any CPU.ActiveCfg = Release|x86
		{A93DC141-C614-43DD-9157-9927E53CAF37}.AppStore|Any CPU.Build.0 = Release|x86
		{A93DC141-C614-43DD-9157-9927E53CAF37}.AppStore|Any CPU.Deploy.0 = Release|x86
		{A93DC141-C614-43DD-9157-9927E53CAF37}.AppStore|ARM.ActiveCfg = Release|ARM
		{A93DC141-C614-43DD-9157-9927E53CAF37}.AppStore|ARM.Build.0 = Release|ARM
		{A93DC141-C614-43DD-9157-9927E53CAF37}.AppStore|ARM.Deploy.0 = Release|ARM
		{A93DC141-C614-43DD-9157-9927E53CAF37}.AppStore|iPhone.ActiveCfg = Release|x86
		{A93DC141-C614-43DD-9157-9927E53CAF37}.AppStore|iPhone.Build.0 = Release|x86
		{A93DC141-C614-43DD-9157-9927E53CAF37}.AppStore|iPhone.Deploy.0 = Release|x86
		{A93DC141-C614-43DD-9157-9927E53CAF37}.AppStore|iPhoneSimulator.ActiveCfg = Release|x86
		{A93DC141-C614-43DD-9157-9927E53CAF37}.AppStore|iPhoneSimulator.Build.0 = Release|x86
		{A93DC141-C614-43DD-9157-9927E53CAF37}.AppStore|iPhoneSimulator.Deploy.0 = Release|x86
		{A93DC141-C614-43DD-9157-9927E53CAF37}.AppStore|x64.ActiveCfg = Release|x64
		{A93DC141-C614-43DD-9157-9927E53CAF37}.AppStore|x64.Build.0 = Release|x64
		{A93DC141-C614-43DD-9157-9927E53CAF37}.AppStore|x64.Deploy.0 = Release|x64
		{A93DC141-C614-43DD-9157-9927E53CAF37}.AppStore|x86.ActiveCfg = Release|x86
		{A93DC141-C614-43DD-9157-9927E53CAF37}.AppStore|x86.Build.0 = Release|x86
		{A93DC141-C614-43DD-9157-9927E53CAF37}.AppStore|x86.Deploy.0 = Release|x86
		{A93DC141-C614-43DD-9157-9927E53CAF37}.Debug|Any CPU.ActiveCfg = Debug|x86
		{A93DC141-C614-43DD-9157-9927E53CAF37}.Debug|Any CPU.Build.0 = Debug|x86
		{A93DC141-C614-43DD-9157-9927E53CAF37}.Debug|Any CPU.Deploy.0 = Debug|x86
		{A93DC141-C614-43DD-9157-9927E53CAF37}.Debug|ARM.ActiveCfg = Debug|ARM
		{A93DC141-C614-43DD-9157-9927E53CAF37}.Debug|ARM.Build.0 = Debug|ARM
		{A93DC141-C614-43DD-9157-9927E53CAF37}.Debug|ARM.Deploy.0 = Debug|ARM
		{A93DC141-C614-43DD-9157-9927E53CAF37}.Debug|iPhone.ActiveCfg = Debug|x86
		{A93DC141-C614-43DD-9157-9927E53CAF37}.Debug|iPhone.Build.0 = Debug|x86
		{A93DC141-C614-43DD-9157-9927E53CAF37}.Debug|iPhone.Deploy.0 = Debug|x86
		{A93DC141-C614-43DD-9157-9927E53CAF37}.Debug|iPhoneSimulator.ActiveCfg = Debug|x86
		{A93DC141-C614-43DD-9157-9927E53CAF37}.Debug|iPhoneSimulator.Build.0 = Debug|x86
		{A93DC141-C614-43DD-9157-9927E53CAF37}.Debug|iPhoneSimulator.Deploy.0 = Debug|x86
		{A93DC141-C614-43DD-9157-9927E53CAF37}.Debug|x64.ActiveCfg = Debug|x64
		{A93DC141-C614-43DD-9157-9927E53CAF37}.Debug|x64.Build.0 = Debug|x64
		{A93DC141-C614-43DD-9157-9927E53CAF37}.Debug|x64.Deploy.0 = Debug|x64
		{A93DC141-C614-43DD-9157-9927E53CAF37}.Debug|x86.ActiveCfg = Debug|x86
		{A93DC141-C614-43DD-9157-9927E53CAF37}.Debug|x86.Build.0 = Debug|x86
		{A93DC141-C614-43DD-9157-9927E53CAF37}.Debug|x86.Deploy.0 = Debug|x86
		{A93DC141-C614-43DD-9157-9927E53CAF37}.Release|Any CPU.ActiveCfg = Release|x86
		{A93DC141-C614-43DD-9157-9927E53CAF37}.Release|Any CPU.Build.0 = Release|x86
		{A93DC141-C614-43DD-9157-9927E53CAF37}.Release|Any CPU.Deploy.0 = Release|x86
		{A93DC141-C614-43DD-9157-9927E53CAF37}.Release|ARM.ActiveCfg = Release|ARM
		{A93DC141-C614-43DD-9157-9927E53CAF37}.Release|ARM.Build.0 = Release|ARM
		{A93DC141-C614-43DD-9157-9927E53CAF37}.Release|ARM.Deploy.0 = Release|ARM
		{A93DC141-C614-43DD-9157-9927E53CAF37}.Release|iPhone.ActiveCfg = Release|x86
		{A93DC141-C614-43DD-9157-9927E53CAF37}.Release|iPhone.Build.0 = Release|x86
		{A93DC141-C614-43DD-9157-9927E53CAF37}.Release|iPhone.Deploy.0 = Release|x86
		{A93DC141-C614-43DD-9157-9927E53CAF37}.Release|iPhoneSimulator.ActiveCfg = Release|x86
		{A93DC141-C614-43DD-9157-9927E53CAF37}.Release|iPhoneSimulator.Build.0 = Release|x86
		{A93DC141-C614-43DD-9157-9927E53CAF37}.Release|iPhoneSimulator.Deploy.0 = Release|x86
		{A93DC141-C614-43DD-9157-9927E53CAF37}.Release|x64.ActiveCfg = Release|x64
		{A93DC141-C614-43DD-9157-9927E53CAF37}.Release|x64.Build.0 = Release|x64
		{A93DC141-C614-43DD-9157-9927E53CAF37}.Release|x64.Deploy.0 = Release|x64
		{A93DC141-C614-43DD-9157-9927E53CAF37}.Release|x86.ActiveCfg = Release|x86
		{A93DC141-C614-43DD-9157-9927E53CAF37}.Release|x86.Build.0 = Release|x86
		{A93DC141-C614-43DD-9157-9927E53CAF37}.Release|x86.Deploy.0 = Release|x86
		{3F3E5EC9-EC4C-4945-8088-566229DE85D6}.Ad-Hoc|Any CPU.ActiveCfg = Debug|Any CPU
		{3F3E5EC9-EC4C-4945-8088-566229DE85D6}.Ad-Hoc|Any CPU.Build.0 = Debug|Any CPU
		{3F3E5EC9-EC4C-4945-8088-566229DE85D6}.Ad-Hoc|Any CPU.Deploy.0 = Debug|Any CPU
		{3F3E5EC9-EC4C-4945-8088-566229DE85D6}.Ad-Hoc|ARM.ActiveCfg = Debug|Any CPU
		{3F3E5EC9-EC4C-4945-8088-566229DE85D6}.Ad-Hoc|ARM.Build.0 = Debug|Any CPU
		{3F3E5EC9-EC4C-4945-8088-566229DE85D6}.Ad-Hoc|ARM.Deploy.0 = Debug|Any CPU
		{3F3E5EC9-EC4C-4945-8088-566229DE85D6}.Ad-Hoc|iPhone.ActiveCfg = Debug|Any CPU
		{3F3E5EC9-EC4C-4945-8088-566229DE85D6}.Ad-Hoc|iPhone.Build.0 = Debug|Any CPU
		{3F3E5EC9-EC4C-4945-8088-566229DE85D6}.Ad-Hoc|iPhone.Deploy.0 = Debug|Any CPU
		{3F3E5EC9-EC4C-4945-8088-566229DE85D6}.Ad-Hoc|iPhoneSimulator.ActiveCfg = Debug|Any CPU
		{3F3E5EC9-EC4C-4945-8088-566229DE85D6}.Ad-Hoc|iPhoneSimulator.Build.0 = Debug|Any CPU
		{3F3E5EC9-EC4C-4945-8088-566229DE85D6}.Ad-Hoc|iPhoneSimulator.Deploy.0 = Debug|Any CPU
		{3F3E5EC9-EC4C-4945-8088-566229DE85D6}.Ad-Hoc|x64.ActiveCfg = Debug|Any CPU
		{3F3E5EC9-EC4C-4945-8088-566229DE85D6}.Ad-Hoc|x64.Build.0 = Debug|Any CPU
		{3F3E5EC9-EC4C-4945-8088-566229DE85D6}.Ad-Hoc|x64.Deploy.0 = Debug|Any CPU
		{3F3E5EC9-EC4C-4945-8088-566229DE85D6}.Ad-Hoc|x86.ActiveCfg = Debug|Any CPU
		{3F3E5EC9-EC4C-4945-8088-566229DE85D6}.Ad-Hoc|x86.Build.0 = Debug|Any CPU
		{3F3E5EC9-EC4C-4945-8088-566229DE85D6}.Ad-Hoc|x86.Deploy.0 = Debug|Any CPU
		{3F3E5EC9-EC4C-4945-8088-566229DE85D6}.AppStore|Any CPU.ActiveCfg = Debug|Any CPU
		{3F3E5EC9-EC4C-4945-8088-566229DE85D6}.AppStore|Any CPU.Build.0 = Debug|Any CPU
		{3F3E5EC9-EC4C-4945-8088-566229DE85D6}.AppStore|Any CPU.Deploy.0 = Debug|Any CPU
		{3F3E5EC9-EC4C-4945-8088-566229DE85D6}.AppStore|ARM.ActiveCfg = Debug|Any CPU
		{3F3E5EC9-EC4C-4945-8088-566229DE85D6}.AppStore|ARM.Build.0 = Debug|Any CPU
		{3F3E5EC9-EC4C-4945-8088-566229DE85D6}.AppStore|ARM.Deploy.0 = Debug|Any CPU
		{3F3E5EC9-EC4C-4945-8088-566229DE85D6}.AppStore|iPhone.ActiveCfg = Debug|Any CPU
		{3F3E5EC9-EC4C-4945-8088-566229DE85D6}.AppStore|iPhone.Build.0 = Debug|Any CPU
		{3F3E5EC9-EC4C-4945-8088-566229DE85D6}.AppStore|iPhone.Deploy.0 = Debug|Any CPU
		{3F3E5EC9-EC4C-4945-8088-566229DE85D6}.AppStore|iPhoneSimulator.ActiveCfg = Debug|Any CPU
		{3F3E5EC9-EC4C-4945-8088-566229DE85D6}.AppStore|iPhoneSimulator.Build.0 = Debug|Any CPU
		{3F3E5EC9-EC4C-4945-8088-566229DE85D6}.AppStore|iPhoneSimulator.Deploy.0 = Debug|Any CPU
		{3F3E5EC9-EC4C-4945-8088-566229DE85D6}.AppStore|x64.ActiveCfg = Debug|Any CPU
		{3F3E5EC9-EC4C-4945-8088-566229DE85D6}.AppStore|x64.Build.0 = Debug|Any CPU
		{3F3E5EC9-EC4C-4945-8088-566229DE85D6}.AppStore|x64.Deploy.0 = Debug|Any CPU
		{3F3E5EC9-EC4C-4945-8088-566229DE85D6}.AppStore|x86.ActiveCfg = Debug|Any CPU
		{3F3E5EC9-EC4C-4945-8088-566229DE85D6}.AppStore|x86.Build.0 = Debug|Any CPU
		{3F3E5EC9-EC4C-4945-8088-566229DE85D6}.AppStore|x86.Deploy.0 = Debug|Any CPU
		{3F3E5EC9-EC4C-4945-8088-566229DE85D6}.Debug|Any CPU.ActiveCfg = Debug|Any CPU
		{3F3E5EC9-EC4C-4945-8088-566229DE85D6}.Debug|Any CPU.Build.0 = Debug|Any CPU
		{3F3E5EC9-EC4C-4945-8088-566229DE85D6}.Debug|Any CPU.Deploy.0 = Debug|Any CPU
		{3F3E5EC9-EC4C-4945-8088-566229DE85D6}.Debug|ARM.ActiveCfg = Debug|Any CPU
		{3F3E5EC9-EC4C-4945-8088-566229DE85D6}.Debug|ARM.Build.0 = Debug|Any CPU
		{3F3E5EC9-EC4C-4945-8088-566229DE85D6}.Debug|ARM.Deploy.0 = Debug|Any CPU
		{3F3E5EC9-EC4C-4945-8088-566229DE85D6}.Debug|iPhone.ActiveCfg = Debug|Any CPU
		{3F3E5EC9-EC4C-4945-8088-566229DE85D6}.Debug|iPhone.Build.0 = Debug|Any CPU
		{3F3E5EC9-EC4C-4945-8088-566229DE85D6}.Debug|iPhone.Deploy.0 = Debug|Any CPU
		{3F3E5EC9-EC4C-4945-8088-566229DE85D6}.Debug|iPhoneSimulator.ActiveCfg = Debug|Any CPU
		{3F3E5EC9-EC4C-4945-8088-566229DE85D6}.Debug|iPhoneSimulator.Build.0 = Debug|Any CPU
		{3F3E5EC9-EC4C-4945-8088-566229DE85D6}.Debug|iPhoneSimulator.Deploy.0 = Debug|Any CPU
		{3F3E5EC9-EC4C-4945-8088-566229DE85D6}.Debug|x64.ActiveCfg = Debug|Any CPU
		{3F3E5EC9-EC4C-4945-8088-566229DE85D6}.Debug|x64.Build.0 = Debug|Any CPU
		{3F3E5EC9-EC4C-4945-8088-566229DE85D6}.Debug|x64.Deploy.0 = Debug|Any CPU
		{3F3E5EC9-EC4C-4945-8088-566229DE85D6}.Debug|x86.ActiveCfg = Debug|Any CPU
		{3F3E5EC9-EC4C-4945-8088-566229DE85D6}.Debug|x86.Build.0 = Debug|Any CPU
		{3F3E5EC9-EC4C-4945-8088-566229DE85D6}.Debug|x86.Deploy.0 = Debug|Any CPU
		{3F3E5EC9-EC4C-4945-8088-566229DE85D6}.Release|Any CPU.ActiveCfg = Release|Any CPU
		{3F3E5EC9-EC4C-4945-8088-566229DE85D6}.Release|Any CPU.Build.0 = Release|Any CPU
		{3F3E5EC9-EC4C-4945-8088-566229DE85D6}.Release|Any CPU.Deploy.0 = Release|Any CPU
		{3F3E5EC9-EC4C-4945-8088-566229DE85D6}.Release|ARM.ActiveCfg = Release|Any CPU
		{3F3E5EC9-EC4C-4945-8088-566229DE85D6}.Release|ARM.Build.0 = Release|Any CPU
		{3F3E5EC9-EC4C-4945-8088-566229DE85D6}.Release|ARM.Deploy.0 = Release|Any CPU
		{3F3E5EC9-EC4C-4945-8088-566229DE85D6}.Release|iPhone.ActiveCfg = Release|Any CPU
		{3F3E5EC9-EC4C-4945-8088-566229DE85D6}.Release|iPhone.Build.0 = Release|Any CPU
		{3F3E5EC9-EC4C-4945-8088-566229DE85D6}.Release|iPhone.Deploy.0 = Release|Any CPU
		{3F3E5EC9-EC4C-4945-8088-566229DE85D6}.Release|iPhoneSimulator.ActiveCfg = Release|Any CPU
		{3F3E5EC9-EC4C-4945-8088-566229DE85D6}.Release|iPhoneSimulator.Build.0 = Release|Any CPU
		{3F3E5EC9-EC4C-4945-8088-566229DE85D6}.Release|iPhoneSimulator.Deploy.0 = Release|Any CPU
		{3F3E5EC9-EC4C-4945-8088-566229DE85D6}.Release|x64.ActiveCfg = Release|Any CPU
		{3F3E5EC9-EC4C-4945-8088-566229DE85D6}.Release|x64.Build.0 = Release|Any CPU
		{3F3E5EC9-EC4C-4945-8088-566229DE85D6}.Release|x64.Deploy.0 = Release|Any CPU
		{3F3E5EC9-EC4C-4945-8088-566229DE85D6}.Release|x86.ActiveCfg = Release|Any CPU
		{3F3E5EC9-EC4C-4945-8088-566229DE85D6}.Release|x86.Build.0 = Release|Any CPU
		{3F3E5EC9-EC4C-4945-8088-566229DE85D6}.Release|x86.Deploy.0 = Release|Any CPU
		{5148ECFA-3D0D-4054-9DD9-27994F25E55E}.Ad-Hoc|Any CPU.ActiveCfg = Release|Any CPU
		{5148ECFA-3D0D-4054-9DD9-27994F25E55E}.Ad-Hoc|Any CPU.Build.0 = Release|Any CPU
		{5148ECFA-3D0D-4054-9DD9-27994F25E55E}.Ad-Hoc|ARM.ActiveCfg = Release|Any CPU
		{5148ECFA-3D0D-4054-9DD9-27994F25E55E}.Ad-Hoc|ARM.Build.0 = Release|Any CPU
		{5148ECFA-3D0D-4054-9DD9-27994F25E55E}.Ad-Hoc|iPhone.ActiveCfg = Release|Any CPU
		{5148ECFA-3D0D-4054-9DD9-27994F25E55E}.Ad-Hoc|iPhone.Build.0 = Release|Any CPU
		{5148ECFA-3D0D-4054-9DD9-27994F25E55E}.Ad-Hoc|iPhoneSimulator.ActiveCfg = Release|Any CPU
		{5148ECFA-3D0D-4054-9DD9-27994F25E55E}.Ad-Hoc|iPhoneSimulator.Build.0 = Release|Any CPU
		{5148ECFA-3D0D-4054-9DD9-27994F25E55E}.Ad-Hoc|x64.ActiveCfg = Release|Any CPU
		{5148ECFA-3D0D-4054-9DD9-27994F25E55E}.Ad-Hoc|x64.Build.0 = Release|Any CPU
		{5148ECFA-3D0D-4054-9DD9-27994F25E55E}.Ad-Hoc|x86.ActiveCfg = Release|Any CPU
		{5148ECFA-3D0D-4054-9DD9-27994F25E55E}.Ad-Hoc|x86.Build.0 = Release|Any CPU
		{5148ECFA-3D0D-4054-9DD9-27994F25E55E}.AppStore|Any CPU.ActiveCfg = Release|Any CPU
		{5148ECFA-3D0D-4054-9DD9-27994F25E55E}.AppStore|Any CPU.Build.0 = Release|Any CPU
		{5148ECFA-3D0D-4054-9DD9-27994F25E55E}.AppStore|ARM.ActiveCfg = Release|Any CPU
		{5148ECFA-3D0D-4054-9DD9-27994F25E55E}.AppStore|ARM.Build.0 = Release|Any CPU
		{5148ECFA-3D0D-4054-9DD9-27994F25E55E}.AppStore|iPhone.ActiveCfg = Release|Any CPU
		{5148ECFA-3D0D-4054-9DD9-27994F25E55E}.AppStore|iPhone.Build.0 = Release|Any CPU
		{5148ECFA-3D0D-4054-9DD9-27994F25E55E}.AppStore|iPhoneSimulator.ActiveCfg = Release|Any CPU
		{5148ECFA-3D0D-4054-9DD9-27994F25E55E}.AppStore|iPhoneSimulator.Build.0 = Release|Any CPU
		{5148ECFA-3D0D-4054-9DD9-27994F25E55E}.AppStore|x64.ActiveCfg = Release|Any CPU
		{5148ECFA-3D0D-4054-9DD9-27994F25E55E}.AppStore|x64.Build.0 = Release|Any CPU
		{5148ECFA-3D0D-4054-9DD9-27994F25E55E}.AppStore|x86.ActiveCfg = Release|Any CPU
		{5148ECFA-3D0D-4054-9DD9-27994F25E55E}.AppStore|x86.Build.0 = Release|Any CPU
		{5148ECFA-3D0D-4054-9DD9-27994F25E55E}.Debug|Any CPU.ActiveCfg = Debug|Any CPU
		{5148ECFA-3D0D-4054-9DD9-27994F25E55E}.Debug|Any CPU.Build.0 = Debug|Any CPU
		{5148ECFA-3D0D-4054-9DD9-27994F25E55E}.Debug|ARM.ActiveCfg = Debug|Any CPU
		{5148ECFA-3D0D-4054-9DD9-27994F25E55E}.Debug|ARM.Build.0 = Debug|Any CPU
		{5148ECFA-3D0D-4054-9DD9-27994F25E55E}.Debug|iPhone.ActiveCfg = Debug|Any CPU
		{5148ECFA-3D0D-4054-9DD9-27994F25E55E}.Debug|iPhone.Build.0 = Debug|Any CPU
		{5148ECFA-3D0D-4054-9DD9-27994F25E55E}.Debug|iPhoneSimulator.ActiveCfg = Debug|Any CPU
		{5148ECFA-3D0D-4054-9DD9-27994F25E55E}.Debug|iPhoneSimulator.Build.0 = Debug|Any CPU
		{5148ECFA-3D0D-4054-9DD9-27994F25E55E}.Debug|x64.ActiveCfg = Debug|Any CPU
		{5148ECFA-3D0D-4054-9DD9-27994F25E55E}.Debug|x64.Build.0 = Debug|Any CPU
		{5148ECFA-3D0D-4054-9DD9-27994F25E55E}.Debug|x86.ActiveCfg = Debug|Any CPU
		{5148ECFA-3D0D-4054-9DD9-27994F25E55E}.Debug|x86.Build.0 = Debug|Any CPU
		{5148ECFA-3D0D-4054-9DD9-27994F25E55E}.Release|Any CPU.ActiveCfg = Release|Any CPU
		{5148ECFA-3D0D-4054-9DD9-27994F25E55E}.Release|Any CPU.Build.0 = Release|Any CPU
		{5148ECFA-3D0D-4054-9DD9-27994F25E55E}.Release|ARM.ActiveCfg = Release|Any CPU
		{5148ECFA-3D0D-4054-9DD9-27994F25E55E}.Release|ARM.Build.0 = Release|Any CPU
		{5148ECFA-3D0D-4054-9DD9-27994F25E55E}.Release|iPhone.ActiveCfg = Release|Any CPU
		{5148ECFA-3D0D-4054-9DD9-27994F25E55E}.Release|iPhone.Build.0 = Release|Any CPU
		{5148ECFA-3D0D-4054-9DD9-27994F25E55E}.Release|iPhoneSimulator.ActiveCfg = Release|Any CPU
		{5148ECFA-3D0D-4054-9DD9-27994F25E55E}.Release|iPhoneSimulator.Build.0 = Release|Any CPU
		{5148ECFA-3D0D-4054-9DD9-27994F25E55E}.Release|x64.ActiveCfg = Release|Any CPU
		{5148ECFA-3D0D-4054-9DD9-27994F25E55E}.Release|x64.Build.0 = Release|Any CPU
		{5148ECFA-3D0D-4054-9DD9-27994F25E55E}.Release|x86.ActiveCfg = Release|Any CPU
		{5148ECFA-3D0D-4054-9DD9-27994F25E55E}.Release|x86.Build.0 = Release|Any CPU
		{65753039-9E7E-4640-BA69-65AC0625C3FB}.Ad-Hoc|Any CPU.ActiveCfg = Release|Any CPU
		{65753039-9E7E-4640-BA69-65AC0625C3FB}.Ad-Hoc|Any CPU.Build.0 = Release|Any CPU
		{65753039-9E7E-4640-BA69-65AC0625C3FB}.Ad-Hoc|ARM.ActiveCfg = Release|Any CPU
		{65753039-9E7E-4640-BA69-65AC0625C3FB}.Ad-Hoc|ARM.Build.0 = Release|Any CPU
		{65753039-9E7E-4640-BA69-65AC0625C3FB}.Ad-Hoc|iPhone.ActiveCfg = Release|Any CPU
		{65753039-9E7E-4640-BA69-65AC0625C3FB}.Ad-Hoc|iPhone.Build.0 = Release|Any CPU
		{65753039-9E7E-4640-BA69-65AC0625C3FB}.Ad-Hoc|iPhoneSimulator.ActiveCfg = Release|Any CPU
		{65753039-9E7E-4640-BA69-65AC0625C3FB}.Ad-Hoc|iPhoneSimulator.Build.0 = Release|Any CPU
		{65753039-9E7E-4640-BA69-65AC0625C3FB}.Ad-Hoc|x64.ActiveCfg = Release|Any CPU
		{65753039-9E7E-4640-BA69-65AC0625C3FB}.Ad-Hoc|x64.Build.0 = Release|Any CPU
		{65753039-9E7E-4640-BA69-65AC0625C3FB}.Ad-Hoc|x86.ActiveCfg = Release|Any CPU
		{65753039-9E7E-4640-BA69-65AC0625C3FB}.Ad-Hoc|x86.Build.0 = Release|Any CPU
		{65753039-9E7E-4640-BA69-65AC0625C3FB}.AppStore|Any CPU.ActiveCfg = Release|Any CPU
		{65753039-9E7E-4640-BA69-65AC0625C3FB}.AppStore|Any CPU.Build.0 = Release|Any CPU
		{65753039-9E7E-4640-BA69-65AC0625C3FB}.AppStore|ARM.ActiveCfg = Release|Any CPU
		{65753039-9E7E-4640-BA69-65AC0625C3FB}.AppStore|ARM.Build.0 = Release|Any CPU
		{65753039-9E7E-4640-BA69-65AC0625C3FB}.AppStore|iPhone.ActiveCfg = Release|Any CPU
		{65753039-9E7E-4640-BA69-65AC0625C3FB}.AppStore|iPhone.Build.0 = Release|Any CPU
		{65753039-9E7E-4640-BA69-65AC0625C3FB}.AppStore|iPhoneSimulator.ActiveCfg = Release|Any CPU
		{65753039-9E7E-4640-BA69-65AC0625C3FB}.AppStore|iPhoneSimulator.Build.0 = Release|Any CPU
		{65753039-9E7E-4640-BA69-65AC0625C3FB}.AppStore|x64.ActiveCfg = Release|Any CPU
		{65753039-9E7E-4640-BA69-65AC0625C3FB}.AppStore|x64.Build.0 = Release|Any CPU
		{65753039-9E7E-4640-BA69-65AC0625C3FB}.AppStore|x86.ActiveCfg = Release|Any CPU
		{65753039-9E7E-4640-BA69-65AC0625C3FB}.AppStore|x86.Build.0 = Release|Any CPU
		{65753039-9E7E-4640-BA69-65AC0625C3FB}.Debug|Any CPU.ActiveCfg = Debug|Any CPU
		{65753039-9E7E-4640-BA69-65AC0625C3FB}.Debug|Any CPU.Build.0 = Debug|Any CPU
		{65753039-9E7E-4640-BA69-65AC0625C3FB}.Debug|ARM.ActiveCfg = Debug|Any CPU
		{65753039-9E7E-4640-BA69-65AC0625C3FB}.Debug|ARM.Build.0 = Debug|Any CPU
		{65753039-9E7E-4640-BA69-65AC0625C3FB}.Debug|iPhone.ActiveCfg = Debug|Any CPU
		{65753039-9E7E-4640-BA69-65AC0625C3FB}.Debug|iPhone.Build.0 = Debug|Any CPU
		{65753039-9E7E-4640-BA69-65AC0625C3FB}.Debug|iPhoneSimulator.ActiveCfg = Debug|Any CPU
		{65753039-9E7E-4640-BA69-65AC0625C3FB}.Debug|iPhoneSimulator.Build.0 = Debug|Any CPU
		{65753039-9E7E-4640-BA69-65AC0625C3FB}.Debug|x64.ActiveCfg = Debug|Any CPU
		{65753039-9E7E-4640-BA69-65AC0625C3FB}.Debug|x64.Build.0 = Debug|Any CPU
		{65753039-9E7E-4640-BA69-65AC0625C3FB}.Debug|x86.ActiveCfg = Debug|Any CPU
		{65753039-9E7E-4640-BA69-65AC0625C3FB}.Debug|x86.Build.0 = Debug|Any CPU
		{65753039-9E7E-4640-BA69-65AC0625C3FB}.Release|Any CPU.ActiveCfg = Release|Any CPU
		{65753039-9E7E-4640-BA69-65AC0625C3FB}.Release|Any CPU.Build.0 = Release|Any CPU
		{65753039-9E7E-4640-BA69-65AC0625C3FB}.Release|ARM.ActiveCfg = Release|Any CPU
		{65753039-9E7E-4640-BA69-65AC0625C3FB}.Release|ARM.Build.0 = Release|Any CPU
		{65753039-9E7E-4640-BA69-65AC0625C3FB}.Release|iPhone.ActiveCfg = Release|Any CPU
		{65753039-9E7E-4640-BA69-65AC0625C3FB}.Release|iPhone.Build.0 = Release|Any CPU
		{65753039-9E7E-4640-BA69-65AC0625C3FB}.Release|iPhoneSimulator.ActiveCfg = Release|Any CPU
		{65753039-9E7E-4640-BA69-65AC0625C3FB}.Release|iPhoneSimulator.Build.0 = Release|Any CPU
		{65753039-9E7E-4640-BA69-65AC0625C3FB}.Release|x64.ActiveCfg = Release|Any CPU
		{65753039-9E7E-4640-BA69-65AC0625C3FB}.Release|x64.Build.0 = Release|Any CPU
		{65753039-9E7E-4640-BA69-65AC0625C3FB}.Release|x86.ActiveCfg = Release|Any CPU
		{65753039-9E7E-4640-BA69-65AC0625C3FB}.Release|x86.Build.0 = Release|Any CPU
		{53004B48-3786-4EB3-821D-3F24445AE752}.Ad-Hoc|Any CPU.ActiveCfg = Release|Any CPU
		{53004B48-3786-4EB3-821D-3F24445AE752}.Ad-Hoc|Any CPU.Build.0 = Release|Any CPU
		{53004B48-3786-4EB3-821D-3F24445AE752}.Ad-Hoc|ARM.ActiveCfg = Release|Any CPU
		{53004B48-3786-4EB3-821D-3F24445AE752}.Ad-Hoc|ARM.Build.0 = Release|Any CPU
		{53004B48-3786-4EB3-821D-3F24445AE752}.Ad-Hoc|iPhone.ActiveCfg = Release|Any CPU
		{53004B48-3786-4EB3-821D-3F24445AE752}.Ad-Hoc|iPhone.Build.0 = Release|Any CPU
		{53004B48-3786-4EB3-821D-3F24445AE752}.Ad-Hoc|iPhoneSimulator.ActiveCfg = Release|Any CPU
		{53004B48-3786-4EB3-821D-3F24445AE752}.Ad-Hoc|iPhoneSimulator.Build.0 = Release|Any CPU
		{53004B48-3786-4EB3-821D-3F24445AE752}.Ad-Hoc|x64.ActiveCfg = Release|Any CPU
		{53004B48-3786-4EB3-821D-3F24445AE752}.Ad-Hoc|x64.Build.0 = Release|Any CPU
		{53004B48-3786-4EB3-821D-3F24445AE752}.Ad-Hoc|x86.ActiveCfg = Release|Any CPU
		{53004B48-3786-4EB3-821D-3F24445AE752}.Ad-Hoc|x86.Build.0 = Release|Any CPU
		{53004B48-3786-4EB3-821D-3F24445AE752}.AppStore|Any CPU.ActiveCfg = Release|Any CPU
		{53004B48-3786-4EB3-821D-3F24445AE752}.AppStore|Any CPU.Build.0 = Release|Any CPU
		{53004B48-3786-4EB3-821D-3F24445AE752}.AppStore|ARM.ActiveCfg = Release|Any CPU
		{53004B48-3786-4EB3-821D-3F24445AE752}.AppStore|ARM.Build.0 = Release|Any CPU
		{53004B48-3786-4EB3-821D-3F24445AE752}.AppStore|iPhone.ActiveCfg = Release|Any CPU
		{53004B48-3786-4EB3-821D-3F24445AE752}.AppStore|iPhone.Build.0 = Release|Any CPU
		{53004B48-3786-4EB3-821D-3F24445AE752}.AppStore|iPhoneSimulator.ActiveCfg = Release|Any CPU
		{53004B48-3786-4EB3-821D-3F24445AE752}.AppStore|iPhoneSimulator.Build.0 = Release|Any CPU
		{53004B48-3786-4EB3-821D-3F24445AE752}.AppStore|x64.ActiveCfg = Release|Any CPU
		{53004B48-3786-4EB3-821D-3F24445AE752}.AppStore|x64.Build.0 = Release|Any CPU
		{53004B48-3786-4EB3-821D-3F24445AE752}.AppStore|x86.ActiveCfg = Release|Any CPU
		{53004B48-3786-4EB3-821D-3F24445AE752}.AppStore|x86.Build.0 = Release|Any CPU
		{53004B48-3786-4EB3-821D-3F24445AE752}.Debug|Any CPU.ActiveCfg = Debug|Any CPU
		{53004B48-3786-4EB3-821D-3F24445AE752}.Debug|Any CPU.Build.0 = Debug|Any CPU
		{53004B48-3786-4EB3-821D-3F24445AE752}.Debug|ARM.ActiveCfg = Debug|Any CPU
		{53004B48-3786-4EB3-821D-3F24445AE752}.Debug|ARM.Build.0 = Debug|Any CPU
		{53004B48-3786-4EB3-821D-3F24445AE752}.Debug|iPhone.ActiveCfg = Debug|Any CPU
		{53004B48-3786-4EB3-821D-3F24445AE752}.Debug|iPhone.Build.0 = Debug|Any CPU
		{53004B48-3786-4EB3-821D-3F24445AE752}.Debug|iPhoneSimulator.ActiveCfg = Debug|Any CPU
		{53004B48-3786-4EB3-821D-3F24445AE752}.Debug|iPhoneSimulator.Build.0 = Debug|Any CPU
		{53004B48-3786-4EB3-821D-3F24445AE752}.Debug|x64.ActiveCfg = Debug|Any CPU
		{53004B48-3786-4EB3-821D-3F24445AE752}.Debug|x64.Build.0 = Debug|Any CPU
		{53004B48-3786-4EB3-821D-3F24445AE752}.Debug|x86.ActiveCfg = Debug|Any CPU
		{53004B48-3786-4EB3-821D-3F24445AE752}.Debug|x86.Build.0 = Debug|Any CPU
		{53004B48-3786-4EB3-821D-3F24445AE752}.Release|Any CPU.ActiveCfg = Release|Any CPU
		{53004B48-3786-4EB3-821D-3F24445AE752}.Release|Any CPU.Build.0 = Release|Any CPU
		{53004B48-3786-4EB3-821D-3F24445AE752}.Release|ARM.ActiveCfg = Release|Any CPU
		{53004B48-3786-4EB3-821D-3F24445AE752}.Release|ARM.Build.0 = Release|Any CPU
		{53004B48-3786-4EB3-821D-3F24445AE752}.Release|iPhone.ActiveCfg = Release|Any CPU
		{53004B48-3786-4EB3-821D-3F24445AE752}.Release|iPhone.Build.0 = Release|Any CPU
		{53004B48-3786-4EB3-821D-3F24445AE752}.Release|iPhoneSimulator.ActiveCfg = Release|Any CPU
		{53004B48-3786-4EB3-821D-3F24445AE752}.Release|iPhoneSimulator.Build.0 = Release|Any CPU
		{53004B48-3786-4EB3-821D-3F24445AE752}.Release|x64.ActiveCfg = Release|Any CPU
		{53004B48-3786-4EB3-821D-3F24445AE752}.Release|x64.Build.0 = Release|Any CPU
		{53004B48-3786-4EB3-821D-3F24445AE752}.Release|x86.ActiveCfg = Release|Any CPU
		{53004B48-3786-4EB3-821D-3F24445AE752}.Release|x86.Build.0 = Release|Any CPU
		{DE34F554-E4DC-4422-8366-382D82769F55}.Ad-Hoc|Any CPU.ActiveCfg = Release|Any CPU
		{DE34F554-E4DC-4422-8366-382D82769F55}.Ad-Hoc|Any CPU.Build.0 = Release|Any CPU
		{DE34F554-E4DC-4422-8366-382D82769F55}.Ad-Hoc|ARM.ActiveCfg = Release|Any CPU
		{DE34F554-E4DC-4422-8366-382D82769F55}.Ad-Hoc|ARM.Build.0 = Release|Any CPU
		{DE34F554-E4DC-4422-8366-382D82769F55}.Ad-Hoc|iPhone.ActiveCfg = Release|Any CPU
		{DE34F554-E4DC-4422-8366-382D82769F55}.Ad-Hoc|iPhone.Build.0 = Release|Any CPU
		{DE34F554-E4DC-4422-8366-382D82769F55}.Ad-Hoc|iPhoneSimulator.ActiveCfg = Release|Any CPU
		{DE34F554-E4DC-4422-8366-382D82769F55}.Ad-Hoc|iPhoneSimulator.Build.0 = Release|Any CPU
		{DE34F554-E4DC-4422-8366-382D82769F55}.Ad-Hoc|x64.ActiveCfg = Release|Any CPU
		{DE34F554-E4DC-4422-8366-382D82769F55}.Ad-Hoc|x64.Build.0 = Release|Any CPU
		{DE34F554-E4DC-4422-8366-382D82769F55}.Ad-Hoc|x86.ActiveCfg = Release|Any CPU
		{DE34F554-E4DC-4422-8366-382D82769F55}.Ad-Hoc|x86.Build.0 = Release|Any CPU
		{DE34F554-E4DC-4422-8366-382D82769F55}.AppStore|Any CPU.ActiveCfg = Release|Any CPU
		{DE34F554-E4DC-4422-8366-382D82769F55}.AppStore|Any CPU.Build.0 = Release|Any CPU
		{DE34F554-E4DC-4422-8366-382D82769F55}.AppStore|ARM.ActiveCfg = Release|Any CPU
		{DE34F554-E4DC-4422-8366-382D82769F55}.AppStore|ARM.Build.0 = Release|Any CPU
		{DE34F554-E4DC-4422-8366-382D82769F55}.AppStore|iPhone.ActiveCfg = Release|Any CPU
		{DE34F554-E4DC-4422-8366-382D82769F55}.AppStore|iPhone.Build.0 = Release|Any CPU
		{DE34F554-E4DC-4422-8366-382D82769F55}.AppStore|iPhoneSimulator.ActiveCfg = Release|Any CPU
		{DE34F554-E4DC-4422-8366-382D82769F55}.AppStore|iPhoneSimulator.Build.0 = Release|Any CPU
		{DE34F554-E4DC-4422-8366-382D82769F55}.AppStore|x64.ActiveCfg = Release|Any CPU
		{DE34F554-E4DC-4422-8366-382D82769F55}.AppStore|x64.Build.0 = Release|Any CPU
		{DE34F554-E4DC-4422-8366-382D82769F55}.AppStore|x86.ActiveCfg = Release|Any CPU
		{DE34F554-E4DC-4422-8366-382D82769F55}.AppStore|x86.Build.0 = Release|Any CPU
		{DE34F554-E4DC-4422-8366-382D82769F55}.Debug|Any CPU.ActiveCfg = Debug|Any CPU
		{DE34F554-E4DC-4422-8366-382D82769F55}.Debug|Any CPU.Build.0 = Debug|Any CPU
		{DE34F554-E4DC-4422-8366-382D82769F55}.Debug|ARM.ActiveCfg = Debug|Any CPU
		{DE34F554-E4DC-4422-8366-382D82769F55}.Debug|ARM.Build.0 = Debug|Any CPU
		{DE34F554-E4DC-4422-8366-382D82769F55}.Debug|iPhone.ActiveCfg = Debug|Any CPU
		{DE34F554-E4DC-4422-8366-382D82769F55}.Debug|iPhone.Build.0 = Debug|Any CPU
		{DE34F554-E4DC-4422-8366-382D82769F55}.Debug|iPhoneSimulator.ActiveCfg = Debug|Any CPU
		{DE34F554-E4DC-4422-8366-382D82769F55}.Debug|iPhoneSimulator.Build.0 = Debug|Any CPU
		{DE34F554-E4DC-4422-8366-382D82769F55}.Debug|x64.ActiveCfg = Debug|Any CPU
		{DE34F554-E4DC-4422-8366-382D82769F55}.Debug|x64.Build.0 = Debug|Any CPU
		{DE34F554-E4DC-4422-8366-382D82769F55}.Debug|x86.ActiveCfg = Debug|Any CPU
		{DE34F554-E4DC-4422-8366-382D82769F55}.Debug|x86.Build.0 = Debug|Any CPU
		{DE34F554-E4DC-4422-8366-382D82769F55}.Release|Any CPU.ActiveCfg = Release|Any CPU
		{DE34F554-E4DC-4422-8366-382D82769F55}.Release|Any CPU.Build.0 = Release|Any CPU
		{DE34F554-E4DC-4422-8366-382D82769F55}.Release|ARM.ActiveCfg = Release|Any CPU
		{DE34F554-E4DC-4422-8366-382D82769F55}.Release|ARM.Build.0 = Release|Any CPU
		{DE34F554-E4DC-4422-8366-382D82769F55}.Release|iPhone.ActiveCfg = Release|Any CPU
		{DE34F554-E4DC-4422-8366-382D82769F55}.Release|iPhone.Build.0 = Release|Any CPU
		{DE34F554-E4DC-4422-8366-382D82769F55}.Release|iPhoneSimulator.ActiveCfg = Release|Any CPU
		{DE34F554-E4DC-4422-8366-382D82769F55}.Release|iPhoneSimulator.Build.0 = Release|Any CPU
		{DE34F554-E4DC-4422-8366-382D82769F55}.Release|x64.ActiveCfg = Release|Any CPU
		{DE34F554-E4DC-4422-8366-382D82769F55}.Release|x64.Build.0 = Release|Any CPU
		{DE34F554-E4DC-4422-8366-382D82769F55}.Release|x86.ActiveCfg = Release|Any CPU
		{DE34F554-E4DC-4422-8366-382D82769F55}.Release|x86.Build.0 = Release|Any CPU
	EndGlobalSection
	GlobalSection(SolutionProperties) = preSolution
		HideSolutionNode = FALSE
	EndGlobalSection
	GlobalSection(ExtensibilityGlobals) = postSolution
		SolutionGuid = {54195545-83D5-48A4-9344-15B64D9CD31D}
	EndGlobalSection
EndGlobal
